// !$*UTF8*$!
{
	archiveVersion = 1;
	classes = {
	};
	objectVersion = 55;
	objects = {

/* Begin PBXBuildFile section */
		07794DAB4CD369E08FFB427B /* Pods_Movie_MovieUITests.framework in Frameworks */ = {isa = PBXBuildFile; fileRef = 07B3AB28160AAB86AB6CCCFA /* Pods_Movie_MovieUITests.framework */; };
		5357819256C81D0A6C2BCE91 /* Pods_MovieTests.framework in Frameworks */ = {isa = PBXBuildFile; fileRef = E0379D3EC1EDFF4B0A64AFE4 /* Pods_MovieTests.framework */; };
		5846B27CC75E5D5F57C1ED71 /* Pods_Movie.framework in Frameworks */ = {isa = PBXBuildFile; fileRef = A82410EF3BAF28A4D048B67B /* Pods_Movie.framework */; };
		5E30EB9A281539E600383FBB /* Constants.swift in Sources */ = {isa = PBXBuildFile; fileRef = 5E30EB99281539E600383FBB /* Constants.swift */; };
		5E30EB9C2815888B00383FBB /* FavoriteMoviesCollectionViewCell.swift in Sources */ = {isa = PBXBuildFile; fileRef = 5E30EB9B2815888B00383FBB /* FavoriteMoviesCollectionViewCell.swift */; };
		5E412C3728172EF1009B34B4 /* Movies.swift in Sources */ = {isa = PBXBuildFile; fileRef = 5E412C3628172EF1009B34B4 /* Movies.swift */; };
		5E412C3928173030009B34B4 /* APIService.swift in Sources */ = {isa = PBXBuildFile; fileRef = 5E412C3828173030009B34B4 /* APIService.swift */; };
		5EAB8C9A2811AB6F007FB98E /* AppDelegate.swift in Sources */ = {isa = PBXBuildFile; fileRef = 5EAB8C992811AB6F007FB98E /* AppDelegate.swift */; };
		5EAB8C9C2811AB6F007FB98E /* SceneDelegate.swift in Sources */ = {isa = PBXBuildFile; fileRef = 5EAB8C9B2811AB6F007FB98E /* SceneDelegate.swift */; };
		5EAB8C9E2811AB6F007FB98E /* MoviesViewController.swift in Sources */ = {isa = PBXBuildFile; fileRef = 5EAB8C9D2811AB6F007FB98E /* MoviesViewController.swift */; };
		5EAB8CA32811AB71007FB98E /* Assets.xcassets in Resources */ = {isa = PBXBuildFile; fileRef = 5EAB8CA22811AB71007FB98E /* Assets.xcassets */; };
		5EAB8CA62811AB71007FB98E /* LaunchScreen.storyboard in Resources */ = {isa = PBXBuildFile; fileRef = 5EAB8CA42811AB71007FB98E /* LaunchScreen.storyboard */; };
		5EAB8CB12811AB71007FB98E /* MovieTests.swift in Sources */ = {isa = PBXBuildFile; fileRef = 5EAB8CB02811AB71007FB98E /* MovieTests.swift */; };
		5EAB8CBB2811AB71007FB98E /* MovieUITests.swift in Sources */ = {isa = PBXBuildFile; fileRef = 5EAB8CBA2811AB71007FB98E /* MovieUITests.swift */; };
		5EAB8CBD2811AB71007FB98E /* MovieUITestsLaunchTests.swift in Sources */ = {isa = PBXBuildFile; fileRef = 5EAB8CBC2811AB71007FB98E /* MovieUITestsLaunchTests.swift */; };
		5EAE72CD2913C3D800EEE8FC /* StringExtensions.swift in Sources */ = {isa = PBXBuildFile; fileRef = 5EAE72CC2913C3D800EEE8FC /* StringExtensions.swift */; };
		5EBACC4628194F11003BA937 /* MovieJson.json in Resources */ = {isa = PBXBuildFile; fileRef = 5EBACC4428194D43003BA937 /* MovieJson.json */; };
		5EBACC4728194F14003BA937 /* FavoriteJson.json in Resources */ = {isa = PBXBuildFile; fileRef = 5EBACC4528194E32003BA937 /* FavoriteJson.json */; };
		5EBACC4A28194F72003BA937 /* UnitTestService.swift in Sources */ = {isa = PBXBuildFile; fileRef = 5EBACC4928194F72003BA937 /* UnitTestService.swift */; };
		5EBB3B8228149F3400B0E2FE /* Main.storyboard in Resources */ = {isa = PBXBuildFile; fileRef = 5EBB3B8128149F3400B0E2FE /* Main.storyboard */; };
		5EDA527828186B7E00DB5CA3 /* MovieDetailViewController.swift in Sources */ = {isa = PBXBuildFile; fileRef = 5EDA527728186B7E00DB5CA3 /* MovieDetailViewController.swift */; };
		5EDA527A281872BD00DB5CA3 /* Favorites.swift in Sources */ = {isa = PBXBuildFile; fileRef = 5EDA5279281872BD00DB5CA3 /* Favorites.swift */; };
		5EE9F4F2281706A8009CE373 /* WatchedMoviesTableViewCell.swift in Sources */ = {isa = PBXBuildFile; fileRef = 5EE9F4F1281706A8009CE373 /* WatchedMoviesTableViewCell.swift */; };
		5EE9F4F42817094C009CE373 /* MustWatchMoviesTableViewCell.swift in Sources */ = {isa = PBXBuildFile; fileRef = 5EE9F4F32817094C009CE373 /* MustWatchMoviesTableViewCell.swift */; };
/* End PBXBuildFile section */

/* Begin PBXContainerItemProxy section */
		5EAB8CAD2811AB71007FB98E /* PBXContainerItemProxy */ = {
			isa = PBXContainerItemProxy;
			containerPortal = 5EAB8C8E2811AB6F007FB98E /* Project object */;
			proxyType = 1;
			remoteGlobalIDString = 5EAB8C952811AB6F007FB98E;
			remoteInfo = Movie;
		};
		5EAB8CB72811AB71007FB98E /* PBXContainerItemProxy */ = {
			isa = PBXContainerItemProxy;
			containerPortal = 5EAB8C8E2811AB6F007FB98E /* Project object */;
			proxyType = 1;
			remoteGlobalIDString = 5EAB8C952811AB6F007FB98E;
			remoteInfo = Movie;
		};
/* End PBXContainerItemProxy section */

/* Begin PBXFileReference section */
		07B3AB28160AAB86AB6CCCFA /* Pods_Movie_MovieUITests.framework */ = {isa = PBXFileReference; explicitFileType = wrapper.framework; includeInIndex = 0; path = Pods_Movie_MovieUITests.framework; sourceTree = BUILT_PRODUCTS_DIR; };
		22B8634FFAFF2473D5B93C05 /* Pods-MovieTests.debug.xcconfig */ = {isa = PBXFileReference; includeInIndex = 1; lastKnownFileType = text.xcconfig; name = "Pods-MovieTests.debug.xcconfig"; path = "Target Support Files/Pods-MovieTests/Pods-MovieTests.debug.xcconfig"; sourceTree = "<group>"; };
		5E30EB99281539E600383FBB /* Constants.swift */ = {isa = PBXFileReference; lastKnownFileType = sourcecode.swift; path = Constants.swift; sourceTree = "<group>"; };
		5E30EB9B2815888B00383FBB /* FavoriteMoviesCollectionViewCell.swift */ = {isa = PBXFileReference; lastKnownFileType = sourcecode.swift; path = FavoriteMoviesCollectionViewCell.swift; sourceTree = "<group>"; };
		5E412C3628172EF1009B34B4 /* Movies.swift */ = {isa = PBXFileReference; lastKnownFileType = sourcecode.swift; path = Movies.swift; sourceTree = "<group>"; };
		5E412C3828173030009B34B4 /* APIService.swift */ = {isa = PBXFileReference; lastKnownFileType = sourcecode.swift; path = APIService.swift; sourceTree = "<group>"; };
		5EAB8C962811AB6F007FB98E /* Movie.app */ = {isa = PBXFileReference; explicitFileType = wrapper.application; includeInIndex = 0; path = Movie.app; sourceTree = BUILT_PRODUCTS_DIR; };
		5EAB8C992811AB6F007FB98E /* AppDelegate.swift */ = {isa = PBXFileReference; lastKnownFileType = sourcecode.swift; path = AppDelegate.swift; sourceTree = "<group>"; };
		5EAB8C9B2811AB6F007FB98E /* SceneDelegate.swift */ = {isa = PBXFileReference; lastKnownFileType = sourcecode.swift; path = SceneDelegate.swift; sourceTree = "<group>"; };
		5EAB8C9D2811AB6F007FB98E /* MoviesViewController.swift */ = {isa = PBXFileReference; lastKnownFileType = sourcecode.swift; path = MoviesViewController.swift; sourceTree = "<group>"; };
		5EAB8CA22811AB71007FB98E /* Assets.xcassets */ = {isa = PBXFileReference; lastKnownFileType = folder.assetcatalog; path = Assets.xcassets; sourceTree = "<group>"; };
		5EAB8CA52811AB71007FB98E /* Base */ = {isa = PBXFileReference; lastKnownFileType = file.storyboard; name = Base; path = Base.lproj/LaunchScreen.storyboard; sourceTree = "<group>"; };
		5EAB8CA72811AB71007FB98E /* Info.plist */ = {isa = PBXFileReference; lastKnownFileType = text.plist.xml; path = Info.plist; sourceTree = "<group>"; };
		5EAB8CAC2811AB71007FB98E /* MovieTests.xctest */ = {isa = PBXFileReference; explicitFileType = wrapper.cfbundle; includeInIndex = 0; path = MovieTests.xctest; sourceTree = BUILT_PRODUCTS_DIR; };
		5EAB8CB02811AB71007FB98E /* MovieTests.swift */ = {isa = PBXFileReference; lastKnownFileType = sourcecode.swift; path = MovieTests.swift; sourceTree = "<group>"; };
		5EAB8CB62811AB71007FB98E /* MovieUITests.xctest */ = {isa = PBXFileReference; explicitFileType = wrapper.cfbundle; includeInIndex = 0; path = MovieUITests.xctest; sourceTree = BUILT_PRODUCTS_DIR; };
		5EAB8CBA2811AB71007FB98E /* MovieUITests.swift */ = {isa = PBXFileReference; lastKnownFileType = sourcecode.swift; path = MovieUITests.swift; sourceTree = "<group>"; };
		5EAB8CBC2811AB71007FB98E /* MovieUITestsLaunchTests.swift */ = {isa = PBXFileReference; lastKnownFileType = sourcecode.swift; path = MovieUITestsLaunchTests.swift; sourceTree = "<group>"; };
		5EAE72CC2913C3D800EEE8FC /* StringExtensions.swift */ = {isa = PBXFileReference; lastKnownFileType = sourcecode.swift; path = StringExtensions.swift; sourceTree = "<group>"; };
		5EBACC4428194D43003BA937 /* MovieJson.json */ = {isa = PBXFileReference; lastKnownFileType = text.json; path = MovieJson.json; sourceTree = "<group>"; };
		5EBACC4528194E32003BA937 /* FavoriteJson.json */ = {isa = PBXFileReference; lastKnownFileType = text.json; path = FavoriteJson.json; sourceTree = "<group>"; };
		5EBACC4928194F72003BA937 /* UnitTestService.swift */ = {isa = PBXFileReference; lastKnownFileType = sourcecode.swift; path = UnitTestService.swift; sourceTree = "<group>"; };
		5EBB3B8128149F3400B0E2FE /* Main.storyboard */ = {isa = PBXFileReference; lastKnownFileType = file.storyboard; path = Main.storyboard; sourceTree = "<group>"; };
		5EDA527728186B7E00DB5CA3 /* MovieDetailViewController.swift */ = {isa = PBXFileReference; lastKnownFileType = sourcecode.swift; path = MovieDetailViewController.swift; sourceTree = "<group>"; };
		5EDA5279281872BD00DB5CA3 /* Favorites.swift */ = {isa = PBXFileReference; lastKnownFileType = sourcecode.swift; path = Favorites.swift; sourceTree = "<group>"; };
		5EE9F4F1281706A8009CE373 /* WatchedMoviesTableViewCell.swift */ = {isa = PBXFileReference; lastKnownFileType = sourcecode.swift; path = WatchedMoviesTableViewCell.swift; sourceTree = "<group>"; };
		5EE9F4F32817094C009CE373 /* MustWatchMoviesTableViewCell.swift */ = {isa = PBXFileReference; lastKnownFileType = sourcecode.swift; path = MustWatchMoviesTableViewCell.swift; sourceTree = "<group>"; };
		8087E06D287BB5F575A0FB95 /* Pods-Movie-MovieUITests.debug.xcconfig */ = {isa = PBXFileReference; includeInIndex = 1; lastKnownFileType = text.xcconfig; name = "Pods-Movie-MovieUITests.debug.xcconfig"; path = "Target Support Files/Pods-Movie-MovieUITests/Pods-Movie-MovieUITests.debug.xcconfig"; sourceTree = "<group>"; };
		A82410EF3BAF28A4D048B67B /* Pods_Movie.framework */ = {isa = PBXFileReference; explicitFileType = wrapper.framework; includeInIndex = 0; path = Pods_Movie.framework; sourceTree = BUILT_PRODUCTS_DIR; };
		A905E3C62972E58BB358BAB3 /* Pods-MovieTests.release.xcconfig */ = {isa = PBXFileReference; includeInIndex = 1; lastKnownFileType = text.xcconfig; name = "Pods-MovieTests.release.xcconfig"; path = "Target Support Files/Pods-MovieTests/Pods-MovieTests.release.xcconfig"; sourceTree = "<group>"; };
		B91A240FCA5CB27071340271 /* Pods-Movie.release.xcconfig */ = {isa = PBXFileReference; includeInIndex = 1; lastKnownFileType = text.xcconfig; name = "Pods-Movie.release.xcconfig"; path = "Target Support Files/Pods-Movie/Pods-Movie.release.xcconfig"; sourceTree = "<group>"; };
		BD2C36AE37ED8D390023AC8B /* Pods-Movie.debug.xcconfig */ = {isa = PBXFileReference; includeInIndex = 1; lastKnownFileType = text.xcconfig; name = "Pods-Movie.debug.xcconfig"; path = "Target Support Files/Pods-Movie/Pods-Movie.debug.xcconfig"; sourceTree = "<group>"; };
		E0379D3EC1EDFF4B0A64AFE4 /* Pods_MovieTests.framework */ = {isa = PBXFileReference; explicitFileType = wrapper.framework; includeInIndex = 0; path = Pods_MovieTests.framework; sourceTree = BUILT_PRODUCTS_DIR; };
		E93E06B9B4A587E61FED55EF /* Pods-Movie-MovieUITests.release.xcconfig */ = {isa = PBXFileReference; includeInIndex = 1; lastKnownFileType = text.xcconfig; name = "Pods-Movie-MovieUITests.release.xcconfig"; path = "Target Support Files/Pods-Movie-MovieUITests/Pods-Movie-MovieUITests.release.xcconfig"; sourceTree = "<group>"; };
/* End PBXFileReference section */

/* Begin PBXFrameworksBuildPhase section */
		5EAB8C932811AB6F007FB98E /* Frameworks */ = {
			isa = PBXFrameworksBuildPhase;
			buildActionMask = 2147483647;
			files = (
				5846B27CC75E5D5F57C1ED71 /* Pods_Movie.framework in Frameworks */,
			);
			runOnlyForDeploymentPostprocessing = 0;
		};
		5EAB8CA92811AB71007FB98E /* Frameworks */ = {
			isa = PBXFrameworksBuildPhase;
			buildActionMask = 2147483647;
			files = (
				5357819256C81D0A6C2BCE91 /* Pods_MovieTests.framework in Frameworks */,
			);
			runOnlyForDeploymentPostprocessing = 0;
		};
		5EAB8CB32811AB71007FB98E /* Frameworks */ = {
			isa = PBXFrameworksBuildPhase;
			buildActionMask = 2147483647;
			files = (
				07794DAB4CD369E08FFB427B /* Pods_Movie_MovieUITests.framework in Frameworks */,
			);
			runOnlyForDeploymentPostprocessing = 0;
		};
/* End PBXFrameworksBuildPhase section */

/* Begin PBXGroup section */
		5E03DD492817262B00120CFC /* Services */ = {
			isa = PBXGroup;
			children = (
				5E412C3828173030009B34B4 /* APIService.swift */,
			);
			path = Services;
			sourceTree = "<group>";
		};
		5E03DD4A2817263E00120CFC /* Models */ = {
			isa = PBXGroup;
			children = (
				5E412C3628172EF1009B34B4 /* Movies.swift */,
				5EDA5279281872BD00DB5CA3 /* Favorites.swift */,
			);
			path = Models;
			sourceTree = "<group>";
		};
		5E30EB9628152D1200383FBB /* Movies */ = {
			isa = PBXGroup;
			children = (
				5EAB8C9D2811AB6F007FB98E /* MoviesViewController.swift */,
				5E30EB9B2815888B00383FBB /* FavoriteMoviesCollectionViewCell.swift */,
				5EE9F4F1281706A8009CE373 /* WatchedMoviesTableViewCell.swift */,
				5EE9F4F32817094C009CE373 /* MustWatchMoviesTableViewCell.swift */,
			);
			path = Movies;
			sourceTree = "<group>";
		};
		5E30EB9728152D1C00383FBB /* Movie-Detail */ = {
			isa = PBXGroup;
			children = (
				5EDA527728186B7E00DB5CA3 /* MovieDetailViewController.swift */,
			);
			path = "Movie-Detail";
			sourceTree = "<group>";
		};
		5E30EB98281537A900383FBB /* Utils */ = {
			isa = PBXGroup;
			children = (
				5E30EB99281539E600383FBB /* Constants.swift */,
			);
			path = Utils;
			sourceTree = "<group>";
		};
		5EAB8C8D2811AB6F007FB98E = {
			isa = PBXGroup;
			children = (
				5EAB8C982811AB6F007FB98E /* Movie */,
				5EAB8CAF2811AB71007FB98E /* MovieTests */,
				5EAB8CB92811AB71007FB98E /* MovieUITests */,
				5EAB8C972811AB6F007FB98E /* Products */,
				DD4E3155B7DB13FE0272DB18 /* Pods */,
				742F25AC57EB04FC2B77D77A /* Frameworks */,
			);
			sourceTree = "<group>";
		};
		5EAB8C972811AB6F007FB98E /* Products */ = {
			isa = PBXGroup;
			children = (
				5EAB8C962811AB6F007FB98E /* Movie.app */,
				5EAB8CAC2811AB71007FB98E /* MovieTests.xctest */,
				5EAB8CB62811AB71007FB98E /* MovieUITests.xctest */,
			);
			name = Products;
			sourceTree = "<group>";
		};
		5EAB8C982811AB6F007FB98E /* Movie */ = {
			isa = PBXGroup;
			children = (
				5EAE72CB2913C3A600EEE8FC /* Extensions */,
				5E03DD4A2817263E00120CFC /* Models */,
				5E03DD492817262B00120CFC /* Services */,
				5E30EB98281537A900383FBB /* Utils */,
				5E30EB9728152D1C00383FBB /* Movie-Detail */,
				5E30EB9628152D1200383FBB /* Movies */,
				5EAB8C992811AB6F007FB98E /* AppDelegate.swift */,
				5EAB8C9B2811AB6F007FB98E /* SceneDelegate.swift */,
				5EBB3B8128149F3400B0E2FE /* Main.storyboard */,
				5EAB8CA22811AB71007FB98E /* Assets.xcassets */,
				5EAB8CA42811AB71007FB98E /* LaunchScreen.storyboard */,
				5EAB8CA72811AB71007FB98E /* Info.plist */,
			);
			path = Movie;
			sourceTree = "<group>";
		};
		5EAB8CAF2811AB71007FB98E /* MovieTests */ = {
			isa = PBXGroup;
			children = (
				5EAB8CB02811AB71007FB98E /* MovieTests.swift */,
				5EBACC4928194F72003BA937 /* UnitTestService.swift */,
				5EBACC4428194D43003BA937 /* MovieJson.json */,
				5EBACC4528194E32003BA937 /* FavoriteJson.json */,
			);
			path = MovieTests;
			sourceTree = "<group>";
		};
		5EAB8CB92811AB71007FB98E /* MovieUITests */ = {
			isa = PBXGroup;
			children = (
				5EAB8CBA2811AB71007FB98E /* MovieUITests.swift */,
				5EAB8CBC2811AB71007FB98E /* MovieUITestsLaunchTests.swift */,
			);
			path = MovieUITests;
			sourceTree = "<group>";
		};
		5EAE72CB2913C3A600EEE8FC /* Extensions */ = {
			isa = PBXGroup;
			children = (
				5EAE72CC2913C3D800EEE8FC /* StringExtensions.swift */,
			);
			path = Extensions;
			sourceTree = "<group>";
		};
		742F25AC57EB04FC2B77D77A /* Frameworks */ = {
			isa = PBXGroup;
			children = (
				A82410EF3BAF28A4D048B67B /* Pods_Movie.framework */,
				07B3AB28160AAB86AB6CCCFA /* Pods_Movie_MovieUITests.framework */,
				E0379D3EC1EDFF4B0A64AFE4 /* Pods_MovieTests.framework */,
			);
			name = Frameworks;
			sourceTree = "<group>";
		};
		DD4E3155B7DB13FE0272DB18 /* Pods */ = {
			isa = PBXGroup;
			children = (
				BD2C36AE37ED8D390023AC8B /* Pods-Movie.debug.xcconfig */,
				B91A240FCA5CB27071340271 /* Pods-Movie.release.xcconfig */,
				8087E06D287BB5F575A0FB95 /* Pods-Movie-MovieUITests.debug.xcconfig */,
				E93E06B9B4A587E61FED55EF /* Pods-Movie-MovieUITests.release.xcconfig */,
				22B8634FFAFF2473D5B93C05 /* Pods-MovieTests.debug.xcconfig */,
				A905E3C62972E58BB358BAB3 /* Pods-MovieTests.release.xcconfig */,
			);
			path = Pods;
			sourceTree = "<group>";
		};
/* End PBXGroup section */

/* Begin PBXNativeTarget section */
		5EAB8C952811AB6F007FB98E /* Movie */ = {
			isa = PBXNativeTarget;
			buildConfigurationList = 5EAB8CC02811AB71007FB98E /* Build configuration list for PBXNativeTarget "Movie" */;
			buildPhases = (
				EF8CA868B200A52D78D86ED3 /* [CP] Check Pods Manifest.lock */,
				5EAB8C922811AB6F007FB98E /* Sources */,
				5EAB8C932811AB6F007FB98E /* Frameworks */,
				5EAB8C942811AB6F007FB98E /* Resources */,
				EFFC5444992102966D267575 /* [CP] Embed Pods Frameworks */,
			);
			buildRules = (
			);
			dependencies = (
			);
			name = Movie;
			productName = Movie;
			productReference = 5EAB8C962811AB6F007FB98E /* Movie.app */;
			productType = "com.apple.product-type.application";
		};
		5EAB8CAB2811AB71007FB98E /* MovieTests */ = {
			isa = PBXNativeTarget;
			buildConfigurationList = 5EAB8CC32811AB71007FB98E /* Build configuration list for PBXNativeTarget "MovieTests" */;
			buildPhases = (
				CAA9D7EBC3F9BCD28C146F41 /* [CP] Check Pods Manifest.lock */,
				5EAB8CA82811AB71007FB98E /* Sources */,
				5EAB8CA92811AB71007FB98E /* Frameworks */,
				5EAB8CAA2811AB71007FB98E /* Resources */,
			);
			buildRules = (
			);
			dependencies = (
				5EAB8CAE2811AB71007FB98E /* PBXTargetDependency */,
			);
			name = MovieTests;
			productName = MovieTests;
			productReference = 5EAB8CAC2811AB71007FB98E /* MovieTests.xctest */;
			productType = "com.apple.product-type.bundle.unit-test";
		};
		5EAB8CB52811AB71007FB98E /* MovieUITests */ = {
			isa = PBXNativeTarget;
			buildConfigurationList = 5EAB8CC62811AB71007FB98E /* Build configuration list for PBXNativeTarget "MovieUITests" */;
			buildPhases = (
				AA974B3A614063C2AFBCF01A /* [CP] Check Pods Manifest.lock */,
				5EAB8CB22811AB71007FB98E /* Sources */,
				5EAB8CB32811AB71007FB98E /* Frameworks */,
				5EAB8CB42811AB71007FB98E /* Resources */,
				44A80AEF119557C3231B4F32 /* [CP] Embed Pods Frameworks */,
			);
			buildRules = (
			);
			dependencies = (
				5EAB8CB82811AB71007FB98E /* PBXTargetDependency */,
			);
			name = MovieUITests;
			productName = MovieUITests;
			productReference = 5EAB8CB62811AB71007FB98E /* MovieUITests.xctest */;
			productType = "com.apple.product-type.bundle.ui-testing";
		};
/* End PBXNativeTarget section */

/* Begin PBXProject section */
		5EAB8C8E2811AB6F007FB98E /* Project object */ = {
			isa = PBXProject;
			attributes = {
				BuildIndependentTargetsInParallel = 1;
				LastSwiftUpdateCheck = 1320;
				LastUpgradeCheck = 1320;
				TargetAttributes = {
					5EAB8C952811AB6F007FB98E = {
						CreatedOnToolsVersion = 13.2.1;
					};
					5EAB8CAB2811AB71007FB98E = {
						CreatedOnToolsVersion = 13.2.1;
						TestTargetID = 5EAB8C952811AB6F007FB98E;
					};
					5EAB8CB52811AB71007FB98E = {
						CreatedOnToolsVersion = 13.2.1;
						TestTargetID = 5EAB8C952811AB6F007FB98E;
					};
				};
			};
			buildConfigurationList = 5EAB8C912811AB6F007FB98E /* Build configuration list for PBXProject "Movie" */;
			compatibilityVersion = "Xcode 13.0";
			developmentRegion = en;
			hasScannedForEncodings = 0;
			knownRegions = (
				en,
				Base,
			);
			mainGroup = 5EAB8C8D2811AB6F007FB98E;
			productRefGroup = 5EAB8C972811AB6F007FB98E /* Products */;
			projectDirPath = "";
			projectRoot = "";
			targets = (
				5EAB8C952811AB6F007FB98E /* Movie */,
				5EAB8CAB2811AB71007FB98E /* MovieTests */,
				5EAB8CB52811AB71007FB98E /* MovieUITests */,
			);
		};
/* End PBXProject section */

/* Begin PBXResourcesBuildPhase section */
		5EAB8C942811AB6F007FB98E /* Resources */ = {
			isa = PBXResourcesBuildPhase;
			buildActionMask = 2147483647;
			files = (
				5EAB8CA62811AB71007FB98E /* LaunchScreen.storyboard in Resources */,
				5EAB8CA32811AB71007FB98E /* Assets.xcassets in Resources */,
				5EBB3B8228149F3400B0E2FE /* Main.storyboard in Resources */,
			);
			runOnlyForDeploymentPostprocessing = 0;
		};
		5EAB8CAA2811AB71007FB98E /* Resources */ = {
			isa = PBXResourcesBuildPhase;
			buildActionMask = 2147483647;
			files = (
				5EBACC4628194F11003BA937 /* MovieJson.json in Resources */,
				5EBACC4728194F14003BA937 /* FavoriteJson.json in Resources */,
			);
			runOnlyForDeploymentPostprocessing = 0;
		};
		5EAB8CB42811AB71007FB98E /* Resources */ = {
			isa = PBXResourcesBuildPhase;
			buildActionMask = 2147483647;
			files = (
			);
			runOnlyForDeploymentPostprocessing = 0;
		};
/* End PBXResourcesBuildPhase section */

/* Begin PBXShellScriptBuildPhase section */
		44A80AEF119557C3231B4F32 /* [CP] Embed Pods Frameworks */ = {
			isa = PBXShellScriptBuildPhase;
			buildActionMask = 2147483647;
			files = (
			);
			inputFileListPaths = (
				"${PODS_ROOT}/Target Support Files/Pods-Movie-MovieUITests/Pods-Movie-MovieUITests-frameworks-${CONFIGURATION}-input-files.xcfilelist",
			);
			name = "[CP] Embed Pods Frameworks";
			outputFileListPaths = (
				"${PODS_ROOT}/Target Support Files/Pods-Movie-MovieUITests/Pods-Movie-MovieUITests-frameworks-${CONFIGURATION}-output-files.xcfilelist",
			);
			runOnlyForDeploymentPostprocessing = 0;
			shellPath = /bin/sh;
			shellScript = "\"${PODS_ROOT}/Target Support Files/Pods-Movie-MovieUITests/Pods-Movie-MovieUITests-frameworks.sh\"\n";
			showEnvVarsInLog = 0;
		};
		AA974B3A614063C2AFBCF01A /* [CP] Check Pods Manifest.lock */ = {
			isa = PBXShellScriptBuildPhase;
			buildActionMask = 2147483647;
			files = (
			);
			inputFileListPaths = (
			);
			inputPaths = (
				"${PODS_PODFILE_DIR_PATH}/Podfile.lock",
				"${PODS_ROOT}/Manifest.lock",
			);
			name = "[CP] Check Pods Manifest.lock";
			outputFileListPaths = (
			);
			outputPaths = (
				"$(DERIVED_FILE_DIR)/Pods-Movie-MovieUITests-checkManifestLockResult.txt",
			);
			runOnlyForDeploymentPostprocessing = 0;
			shellPath = /bin/sh;
			shellScript = "diff \"${PODS_PODFILE_DIR_PATH}/Podfile.lock\" \"${PODS_ROOT}/Manifest.lock\" > /dev/null\nif [ $? != 0 ] ; then\n    # print error to STDERR\n    echo \"error: The sandbox is not in sync with the Podfile.lock. Run 'pod install' or update your CocoaPods installation.\" >&2\n    exit 1\nfi\n# This output is used by Xcode 'outputs' to avoid re-running this script phase.\necho \"SUCCESS\" > \"${SCRIPT_OUTPUT_FILE_0}\"\n";
			showEnvVarsInLog = 0;
		};
		CAA9D7EBC3F9BCD28C146F41 /* [CP] Check Pods Manifest.lock */ = {
			isa = PBXShellScriptBuildPhase;
			buildActionMask = 2147483647;
			files = (
			);
			inputFileListPaths = (
			);
			inputPaths = (
				"${PODS_PODFILE_DIR_PATH}/Podfile.lock",
				"${PODS_ROOT}/Manifest.lock",
			);
			name = "[CP] Check Pods Manifest.lock";
			outputFileListPaths = (
			);
			outputPaths = (
				"$(DERIVED_FILE_DIR)/Pods-MovieTests-checkManifestLockResult.txt",
			);
			runOnlyForDeploymentPostprocessing = 0;
			shellPath = /bin/sh;
			shellScript = "diff \"${PODS_PODFILE_DIR_PATH}/Podfile.lock\" \"${PODS_ROOT}/Manifest.lock\" > /dev/null\nif [ $? != 0 ] ; then\n    # print error to STDERR\n    echo \"error: The sandbox is not in sync with the Podfile.lock. Run 'pod install' or update your CocoaPods installation.\" >&2\n    exit 1\nfi\n# This output is used by Xcode 'outputs' to avoid re-running this script phase.\necho \"SUCCESS\" > \"${SCRIPT_OUTPUT_FILE_0}\"\n";
			showEnvVarsInLog = 0;
		};
		EF8CA868B200A52D78D86ED3 /* [CP] Check Pods Manifest.lock */ = {
			isa = PBXShellScriptBuildPhase;
			buildActionMask = 2147483647;
			files = (
			);
			inputFileListPaths = (
			);
			inputPaths = (
				"${PODS_PODFILE_DIR_PATH}/Podfile.lock",
				"${PODS_ROOT}/Manifest.lock",
			);
			name = "[CP] Check Pods Manifest.lock";
			outputFileListPaths = (
			);
			outputPaths = (
				"$(DERIVED_FILE_DIR)/Pods-Movie-checkManifestLockResult.txt",
			);
			runOnlyForDeploymentPostprocessing = 0;
			shellPath = /bin/sh;
			shellScript = "diff \"${PODS_PODFILE_DIR_PATH}/Podfile.lock\" \"${PODS_ROOT}/Manifest.lock\" > /dev/null\nif [ $? != 0 ] ; then\n    # print error to STDERR\n    echo \"error: The sandbox is not in sync with the Podfile.lock. Run 'pod install' or update your CocoaPods installation.\" >&2\n    exit 1\nfi\n# This output is used by Xcode 'outputs' to avoid re-running this script phase.\necho \"SUCCESS\" > \"${SCRIPT_OUTPUT_FILE_0}\"\n";
			showEnvVarsInLog = 0;
		};
		EFFC5444992102966D267575 /* [CP] Embed Pods Frameworks */ = {
			isa = PBXShellScriptBuildPhase;
			buildActionMask = 2147483647;
			files = (
			);
			inputFileListPaths = (
				"${PODS_ROOT}/Target Support Files/Pods-Movie/Pods-Movie-frameworks-${CONFIGURATION}-input-files.xcfilelist",
			);
			name = "[CP] Embed Pods Frameworks";
			outputFileListPaths = (
				"${PODS_ROOT}/Target Support Files/Pods-Movie/Pods-Movie-frameworks-${CONFIGURATION}-output-files.xcfilelist",
			);
			runOnlyForDeploymentPostprocessing = 0;
			shellPath = /bin/sh;
			shellScript = "\"${PODS_ROOT}/Target Support Files/Pods-Movie/Pods-Movie-frameworks.sh\"\n";
			showEnvVarsInLog = 0;
		};
/* End PBXShellScriptBuildPhase section */

/* Begin PBXSourcesBuildPhase section */
		5EAB8C922811AB6F007FB98E /* Sources */ = {
			isa = PBXSourcesBuildPhase;
			buildActionMask = 2147483647;
			files = (
				5EAB8C9E2811AB6F007FB98E /* MoviesViewController.swift in Sources */,
				5EAB8C9A2811AB6F007FB98E /* AppDelegate.swift in Sources */,
				5EAE72CD2913C3D800EEE8FC /* StringExtensions.swift in Sources */,
				5E412C3728172EF1009B34B4 /* Movies.swift in Sources */,
				5EE9F4F2281706A8009CE373 /* WatchedMoviesTableViewCell.swift in Sources */,
				5EE9F4F42817094C009CE373 /* MustWatchMoviesTableViewCell.swift in Sources */,
				5EDA527A281872BD00DB5CA3 /* Favorites.swift in Sources */,
				5EAB8C9C2811AB6F007FB98E /* SceneDelegate.swift in Sources */,
				5EDA527828186B7E00DB5CA3 /* MovieDetailViewController.swift in Sources */,
				5E30EB9C2815888B00383FBB /* FavoriteMoviesCollectionViewCell.swift in Sources */,
				5E412C3928173030009B34B4 /* APIService.swift in Sources */,
				5E30EB9A281539E600383FBB /* Constants.swift in Sources */,
			);
			runOnlyForDeploymentPostprocessing = 0;
		};
		5EAB8CA82811AB71007FB98E /* Sources */ = {
			isa = PBXSourcesBuildPhase;
			buildActionMask = 2147483647;
			files = (
				5EAB8CB12811AB71007FB98E /* MovieTests.swift in Sources */,
				5EBACC4A28194F72003BA937 /* UnitTestService.swift in Sources */,
			);
			runOnlyForDeploymentPostprocessing = 0;
		};
		5EAB8CB22811AB71007FB98E /* Sources */ = {
			isa = PBXSourcesBuildPhase;
			buildActionMask = 2147483647;
			files = (
				5EAB8CBB2811AB71007FB98E /* MovieUITests.swift in Sources */,
				5EAB8CBD2811AB71007FB98E /* MovieUITestsLaunchTests.swift in Sources */,
			);
			runOnlyForDeploymentPostprocessing = 0;
		};
/* End PBXSourcesBuildPhase section */

/* Begin PBXTargetDependency section */
		5EAB8CAE2811AB71007FB98E /* PBXTargetDependency */ = {
			isa = PBXTargetDependency;
			target = 5EAB8C952811AB6F007FB98E /* Movie */;
			targetProxy = 5EAB8CAD2811AB71007FB98E /* PBXContainerItemProxy */;
		};
		5EAB8CB82811AB71007FB98E /* PBXTargetDependency */ = {
			isa = PBXTargetDependency;
			target = 5EAB8C952811AB6F007FB98E /* Movie */;
			targetProxy = 5EAB8CB72811AB71007FB98E /* PBXContainerItemProxy */;
		};
/* End PBXTargetDependency section */

/* Begin PBXVariantGroup section */
		5EAB8CA42811AB71007FB98E /* LaunchScreen.storyboard */ = {
			isa = PBXVariantGroup;
			children = (
				5EAB8CA52811AB71007FB98E /* Base */,
			);
			name = LaunchScreen.storyboard;
			sourceTree = "<group>";
		};
/* End PBXVariantGroup section */

/* Begin XCBuildConfiguration section */
		5EAB8CBE2811AB71007FB98E /* Debug */ = {
			isa = XCBuildConfiguration;
			buildSettings = {
				ALWAYS_SEARCH_USER_PATHS = NO;
				CLANG_ANALYZER_NONNULL = YES;
				CLANG_ANALYZER_NUMBER_OBJECT_CONVERSION = YES_AGGRESSIVE;
				CLANG_CXX_LANGUAGE_STANDARD = "gnu++17";
				CLANG_CXX_LIBRARY = "libc++";
				CLANG_ENABLE_MODULES = YES;
				CLANG_ENABLE_OBJC_ARC = YES;
				CLANG_ENABLE_OBJC_WEAK = YES;
				CLANG_WARN_BLOCK_CAPTURE_AUTORELEASING = YES;
				CLANG_WARN_BOOL_CONVERSION = YES;
				CLANG_WARN_COMMA = YES;
				CLANG_WARN_CONSTANT_CONVERSION = YES;
				CLANG_WARN_DEPRECATED_OBJC_IMPLEMENTATIONS = YES;
				CLANG_WARN_DIRECT_OBJC_ISA_USAGE = YES_ERROR;
				CLANG_WARN_DOCUMENTATION_COMMENTS = YES;
				CLANG_WARN_EMPTY_BODY = YES;
				CLANG_WARN_ENUM_CONVERSION = YES;
				CLANG_WARN_INFINITE_RECURSION = YES;
				CLANG_WARN_INT_CONVERSION = YES;
				CLANG_WARN_NON_LITERAL_NULL_CONVERSION = YES;
				CLANG_WARN_OBJC_IMPLICIT_RETAIN_SELF = YES;
				CLANG_WARN_OBJC_LITERAL_CONVERSION = YES;
				CLANG_WARN_OBJC_ROOT_CLASS = YES_ERROR;
				CLANG_WARN_QUOTED_INCLUDE_IN_FRAMEWORK_HEADER = YES;
				CLANG_WARN_RANGE_LOOP_ANALYSIS = YES;
				CLANG_WARN_STRICT_PROTOTYPES = YES;
				CLANG_WARN_SUSPICIOUS_MOVE = YES;
				CLANG_WARN_UNGUARDED_AVAILABILITY = YES_AGGRESSIVE;
				CLANG_WARN_UNREACHABLE_CODE = YES;
				CLANG_WARN__DUPLICATE_METHOD_MATCH = YES;
				COPY_PHASE_STRIP = NO;
				DEBUG_INFORMATION_FORMAT = dwarf;
				ENABLE_STRICT_OBJC_MSGSEND = YES;
				ENABLE_TESTABILITY = YES;
				GCC_C_LANGUAGE_STANDARD = gnu11;
				GCC_DYNAMIC_NO_PIC = NO;
				GCC_NO_COMMON_BLOCKS = YES;
				GCC_OPTIMIZATION_LEVEL = 0;
				GCC_PREPROCESSOR_DEFINITIONS = (
					"DEBUG=1",
					"$(inherited)",
				);
				GCC_WARN_64_TO_32_BIT_CONVERSION = YES;
				GCC_WARN_ABOUT_RETURN_TYPE = YES_ERROR;
				GCC_WARN_UNDECLARED_SELECTOR = YES;
				GCC_WARN_UNINITIALIZED_AUTOS = YES_AGGRESSIVE;
				GCC_WARN_UNUSED_FUNCTION = YES;
				GCC_WARN_UNUSED_VARIABLE = YES;
				IPHONEOS_DEPLOYMENT_TARGET = 15.2;
				MTL_ENABLE_DEBUG_INFO = INCLUDE_SOURCE;
				MTL_FAST_MATH = YES;
				ONLY_ACTIVE_ARCH = YES;
				SDKROOT = iphoneos;
				SWIFT_ACTIVE_COMPILATION_CONDITIONS = DEBUG;
				SWIFT_OPTIMIZATION_LEVEL = "-Onone";
			};
			name = Debug;
		};
		5EAB8CBF2811AB71007FB98E /* Release */ = {
			isa = XCBuildConfiguration;
			buildSettings = {
				ALWAYS_SEARCH_USER_PATHS = NO;
				CLANG_ANALYZER_NONNULL = YES;
				CLANG_ANALYZER_NUMBER_OBJECT_CONVERSION = YES_AGGRESSIVE;
				CLANG_CXX_LANGUAGE_STANDARD = "gnu++17";
				CLANG_CXX_LIBRARY = "libc++";
				CLANG_ENABLE_MODULES = YES;
				CLANG_ENABLE_OBJC_ARC = YES;
				CLANG_ENABLE_OBJC_WEAK = YES;
				CLANG_WARN_BLOCK_CAPTURE_AUTORELEASING = YES;
				CLANG_WARN_BOOL_CONVERSION = YES;
				CLANG_WARN_COMMA = YES;
				CLANG_WARN_CONSTANT_CONVERSION = YES;
				CLANG_WARN_DEPRECATED_OBJC_IMPLEMENTATIONS = YES;
				CLANG_WARN_DIRECT_OBJC_ISA_USAGE = YES_ERROR;
				CLANG_WARN_DOCUMENTATION_COMMENTS = YES;
				CLANG_WARN_EMPTY_BODY = YES;
				CLANG_WARN_ENUM_CONVERSION = YES;
				CLANG_WARN_INFINITE_RECURSION = YES;
				CLANG_WARN_INT_CONVERSION = YES;
				CLANG_WARN_NON_LITERAL_NULL_CONVERSION = YES;
				CLANG_WARN_OBJC_IMPLICIT_RETAIN_SELF = YES;
				CLANG_WARN_OBJC_LITERAL_CONVERSION = YES;
				CLANG_WARN_OBJC_ROOT_CLASS = YES_ERROR;
				CLANG_WARN_QUOTED_INCLUDE_IN_FRAMEWORK_HEADER = YES;
				CLANG_WARN_RANGE_LOOP_ANALYSIS = YES;
				CLANG_WARN_STRICT_PROTOTYPES = YES;
				CLANG_WARN_SUSPICIOUS_MOVE = YES;
				CLANG_WARN_UNGUARDED_AVAILABILITY = YES_AGGRESSIVE;
				CLANG_WARN_UNREACHABLE_CODE = YES;
				CLANG_WARN__DUPLICATE_METHOD_MATCH = YES;
				COPY_PHASE_STRIP = NO;
				DEBUG_INFORMATION_FORMAT = "dwarf-with-dsym";
				ENABLE_NS_ASSERTIONS = NO;
				ENABLE_STRICT_OBJC_MSGSEND = YES;
				GCC_C_LANGUAGE_STANDARD = gnu11;
				GCC_NO_COMMON_BLOCKS = YES;
				GCC_WARN_64_TO_32_BIT_CONVERSION = YES;
				GCC_WARN_ABOUT_RETURN_TYPE = YES_ERROR;
				GCC_WARN_UNDECLARED_SELECTOR = YES;
				GCC_WARN_UNINITIALIZED_AUTOS = YES_AGGRESSIVE;
				GCC_WARN_UNUSED_FUNCTION = YES;
				GCC_WARN_UNUSED_VARIABLE = YES;
				IPHONEOS_DEPLOYMENT_TARGET = 15.2;
				MTL_ENABLE_DEBUG_INFO = NO;
				MTL_FAST_MATH = YES;
				SDKROOT = iphoneos;
				SWIFT_COMPILATION_MODE = wholemodule;
				SWIFT_OPTIMIZATION_LEVEL = "-O";
				VALIDATE_PRODUCT = YES;
			};
			name = Release;
		};
		5EAB8CC12811AB71007FB98E /* Debug */ = {
			isa = XCBuildConfiguration;
			baseConfigurationReference = BD2C36AE37ED8D390023AC8B /* Pods-Movie.debug.xcconfig */;
			buildSettings = {
				ASSETCATALOG_COMPILER_APPICON_NAME = AppIcon;
				ASSETCATALOG_COMPILER_GLOBAL_ACCENT_COLOR_NAME = AccentColor;
				CODE_SIGN_STYLE = Automatic;
				CURRENT_PROJECT_VERSION = 1;
				DEVELOPMENT_TEAM = K54NKAGZ55;
				GENERATE_INFOPLIST_FILE = YES;
				INFOPLIST_FILE = Movie/Info.plist;
				INFOPLIST_KEY_UIApplicationSupportsIndirectInputEvents = YES;
				INFOPLIST_KEY_UILaunchStoryboardName = LaunchScreen;
				INFOPLIST_KEY_UIMainStoryboardFile = Main;
				INFOPLIST_KEY_UISupportedInterfaceOrientations_iPad = "UIInterfaceOrientationPortrait UIInterfaceOrientationPortraitUpsideDown UIInterfaceOrientationLandscapeLeft UIInterfaceOrientationLandscapeRight";
				INFOPLIST_KEY_UISupportedInterfaceOrientations_iPhone = "UIInterfaceOrientationPortrait UIInterfaceOrientationLandscapeLeft UIInterfaceOrientationLandscapeRight";
				LD_RUNPATH_SEARCH_PATHS = (
					"$(inherited)",
					"@executable_path/Frameworks",
				);
				MARKETING_VERSION = 1.0;
				PRODUCT_BUNDLE_IDENTIFIER = work.alirezanamazi.Movie;
				PRODUCT_NAME = "$(TARGET_NAME)";
				SWIFT_EMIT_LOC_STRINGS = YES;
				SWIFT_VERSION = 5.0;
				TARGETED_DEVICE_FAMILY = "1,2";
			};
			name = Debug;
		};
		5EAB8CC22811AB71007FB98E /* Release */ = {
			isa = XCBuildConfiguration;
			baseConfigurationReference = B91A240FCA5CB27071340271 /* Pods-Movie.release.xcconfig */;
			buildSettings = {
				ASSETCATALOG_COMPILER_APPICON_NAME = AppIcon;
				ASSETCATALOG_COMPILER_GLOBAL_ACCENT_COLOR_NAME = AccentColor;
				CODE_SIGN_STYLE = Automatic;
				CURRENT_PROJECT_VERSION = 1;
				DEVELOPMENT_TEAM = K54NKAGZ55;
				GENERATE_INFOPLIST_FILE = YES;
				INFOPLIST_FILE = Movie/Info.plist;
				INFOPLIST_KEY_UIApplicationSupportsIndirectInputEvents = YES;
				INFOPLIST_KEY_UILaunchStoryboardName = LaunchScreen;
				INFOPLIST_KEY_UIMainStoryboardFile = Main;
				INFOPLIST_KEY_UISupportedInterfaceOrientations_iPad = "UIInterfaceOrientationPortrait UIInterfaceOrientationPortraitUpsideDown UIInterfaceOrientationLandscapeLeft UIInterfaceOrientationLandscapeRight";
				INFOPLIST_KEY_UISupportedInterfaceOrientations_iPhone = "UIInterfaceOrientationPortrait UIInterfaceOrientationLandscapeLeft UIInterfaceOrientationLandscapeRight";
				LD_RUNPATH_SEARCH_PATHS = (
					"$(inherited)",
					"@executable_path/Frameworks",
				);
				MARKETING_VERSION = 1.0;
				PRODUCT_BUNDLE_IDENTIFIER = work.alirezanamazi.Movie;
				PRODUCT_NAME = "$(TARGET_NAME)";
				SWIFT_EMIT_LOC_STRINGS = YES;
				SWIFT_VERSION = 5.0;
				TARGETED_DEVICE_FAMILY = "1,2";
			};
			name = Release;
		};
		5EAB8CC42811AB71007FB98E /* Debug */ = {
			isa = XCBuildConfiguration;
			baseConfigurationReference = 22B8634FFAFF2473D5B93C05 /* Pods-MovieTests.debug.xcconfig */;
			buildSettings = {
				ALWAYS_EMBED_SWIFT_STANDARD_LIBRARIES = YES;
				BUNDLE_LOADER = "$(TEST_HOST)";
				CODE_SIGN_STYLE = Automatic;
				CURRENT_PROJECT_VERSION = 1;
				DEVELOPMENT_TEAM = K54NKAGZ55;
				GENERATE_INFOPLIST_FILE = YES;
				IPHONEOS_DEPLOYMENT_TARGET = 15.2;
				MARKETING_VERSION = 1.0;
				PRODUCT_BUNDLE_IDENTIFIER = work.alirezanamazi.MovieTests;
				PRODUCT_NAME = "$(TARGET_NAME)";
				SWIFT_EMIT_LOC_STRINGS = NO;
				SWIFT_VERSION = 5.0;
				TARGETED_DEVICE_FAMILY = "1,2";
				TEST_HOST = "$(BUILT_PRODUCTS_DIR)/Movie.app/Movie";
			};
			name = Debug;
		};
		5EAB8CC52811AB71007FB98E /* Release */ = {
			isa = XCBuildConfiguration;
			baseConfigurationReference = A905E3C62972E58BB358BAB3 /* Pods-MovieTests.release.xcconfig */;
			buildSettings = {
				ALWAYS_EMBED_SWIFT_STANDARD_LIBRARIES = YES;
				BUNDLE_LOADER = "$(TEST_HOST)";
				CODE_SIGN_STYLE = Automatic;
				CURRENT_PROJECT_VERSION = 1;
				DEVELOPMENT_TEAM = K54NKAGZ55;
				GENERATE_INFOPLIST_FILE = YES;
				IPHONEOS_DEPLOYMENT_TARGET = 15.2;
				MARKETING_VERSION = 1.0;
				PRODUCT_BUNDLE_IDENTIFIER = work.alirezanamazi.MovieTests;
				PRODUCT_NAME = "$(TARGET_NAME)";
				SWIFT_EMIT_LOC_STRINGS = NO;
				SWIFT_VERSION = 5.0;
				TARGETED_DEVICE_FAMILY = "1,2";
				TEST_HOST = "$(BUILT_PRODUCTS_DIR)/Movie.app/Movie";
			};
			name = Release;
		};
		5EAB8CC72811AB71007FB98E /* Debug */ = {
			isa = XCBuildConfiguration;
			baseConfigurationReference = 8087E06D287BB5F575A0FB95 /* Pods-Movie-MovieUITests.debug.xcconfig */;
			buildSettings = {
				ALWAYS_EMBED_SWIFT_STANDARD_LIBRARIES = YES;
				CODE_SIGN_STYLE = Automatic;
				CURRENT_PROJECT_VERSION = 1;
				DEVELOPMENT_TEAM = K54NKAGZ55;
				GENERATE_INFOPLIST_FILE = YES;
				MARKETING_VERSION = 1.0;
				PRODUCT_BUNDLE_IDENTIFIER = work.alirezanamazi.MovieUITests;
				PRODUCT_NAME = "$(TARGET_NAME)";
				SWIFT_EMIT_LOC_STRINGS = NO;
				SWIFT_VERSION = 5.0;
				TARGETED_DEVICE_FAMILY = "1,2";
				TEST_TARGET_NAME = Movie;
			};
			name = Debug;
		};
		5EAB8CC82811AB71007FB98E /* Release */ = {
			isa = XCBuildConfiguration;
			baseConfigurationReference = E93E06B9B4A587E61FED55EF /* Pods-Movie-MovieUITests.release.xcconfig */;
			buildSettings = {
				ALWAYS_EMBED_SWIFT_STANDARD_LIBRARIES = YES;
				CODE_SIGN_STYLE = Automatic;
				CURRENT_PROJECT_VERSION = 1;
				DEVELOPMENT_TEAM = K54NKAGZ55;
				GENERATE_INFOPLIST_FILE = YES;
				MARKETING_VERSION = 1.0;
				PRODUCT_BUNDLE_IDENTIFIER = work.alirezanamazi.MovieUITests;
				PRODUCT_NAME = "$(TARGET_NAME)";
				SWIFT_EMIT_LOC_STRINGS = NO;
				SWIFT_VERSION = 5.0;
				TARGETED_DEVICE_FAMILY = "1,2";
				TEST_TARGET_NAME = Movie;
			};
			name = Release;
		};
/* End XCBuildConfiguration section */

/* Begin XCConfigurationList section */
		5EAB8C912811AB6F007FB98E /* Build configuration list for PBXProject "Movie" */ = {
			isa = XCConfigurationList;
			buildConfigurations = (
				5EAB8CBE2811AB71007FB98E /* Debug */,
				5EAB8CBF2811AB71007FB98E /* Release */,
			);
			defaultConfigurationIsVisible = 0;
			defaultConfigurationName = Release;
		};
		5EAB8CC02811AB71007FB98E /* Build configuration list for PBXNativeTarget "Movie" */ = {
			isa = XCConfigurationList;
			buildConfigurations = (
				5EAB8CC12811AB71007FB98E /* Debug */,
				5EAB8CC22811AB71007FB98E /* Release */,
			);
			defaultConfigurationIsVisible = 0;
			defaultConfigurationName = Release;
		};
		5EAB8CC32811AB71007FB98E /* Build configuration list for PBXNativeTarget "MovieTests" */ = {
			isa = XCConfigurationList;
			buildConfigurations = (
				5EAB8CC42811AB71007FB98E /* Debug */,
				5EAB8CC52811AB71007FB98E /* Release */,
			);
			defaultConfigurationIsVisible = 0;
			defaultConfigurationName = Release;
		};
		5EAB8CC62811AB71007FB98E /* Build configuration list for PBXNativeTarget "MovieUITests" */ = {
			isa = XCConfigurationList;
			buildConfigurations = (
				5EAB8CC72811AB71007FB98E /* Debug */,
				5EAB8CC82811AB71007FB98E /* Release */,
			);
			defaultConfigurationIsVisible = 0;
			defaultConfigurationName = Release;
		};
/* End XCConfigurationList section */
	};
	rootObject = 5EAB8C8E2811AB6F007FB98E /* Project object */;
}
